{
  "nodes": {
    "astro-nvim": {
      "flake": false,
      "locked": {
        "lastModified": 1689713724,
        "narHash": "sha256-utGG1U9p3a5ynRcQys1OuD5J0LjkIQipD0TX8zW66/4=",
        "owner": "AstroNvim",
        "repo": "AstroNvim",
        "rev": "0057d416d1bb0d15cd479a7671f69e47aee1f483",
        "type": "github"
      },
      "original": {
        "owner": "AstroNvim",
        "repo": "AstroNvim",
        "type": "github"
      }
    },
    "flake-utils": {
      "locked": {
        "lastModified": 1659877975,
        "narHash": "sha256-zllb8aq3YO3h8B/U0/J1WBgAL8EX5yWf5pMj3G0NAmc=",
        "owner": "numtide",
        "repo": "flake-utils",
        "rev": "c0e246b9b83f637f4681389ecabcb2681b4f3af0",
        "type": "github"
      },
      "original": {
        "owner": "numtide",
        "repo": "flake-utils",
        "type": "github"
      }
    },
    "home-manager": {
      "inputs": {
        "nixpkgs": [
          "nixpkgs"
        ]
      },
      "locked": {
        "lastModified": 1689875525,
        "narHash": "sha256-fgUrFH3bMZ6R7qgBTfuTRGlkZXIkdyjndl6ZbExbjE8=",
        "owner": "nix-community",
        "repo": "home-manager",
        "rev": "1443abd2696ec6bd6fb9701e6c26b277a27b4a3e",
        "type": "github"
      },
      "original": {
        "owner": "nix-community",
        "repo": "home-manager",
        "type": "github"
      }
    },
    "hyprland": {
      "inputs": {
        "hyprland-protocols": "hyprland-protocols",
        "nixpkgs": [
          "nixpkgs"
        ],
        "wlroots": "wlroots",
        "xdph": "xdph"
      },
      "locked": {
        "lastModified": 1689879667,
        "narHash": "sha256-g6XQ1slkxXw1kddaUKBwvYktIPJczSbZVoe4EzjNjD8=",
        "owner": "vaxerski",
        "repo": "Hyprland",
        "rev": "f864b15427b363443e767eb5e78f5dc9603c49f3",
        "type": "github"
      },
      "original": {
        "owner": "vaxerski",
        "repo": "Hyprland",
        "type": "github"
      }
    },
    "hyprland-protocols": {
      "inputs": {
        "nixpkgs": [
          "hyprland",
          "nixpkgs"
        ]
      },
      "locked": {
        "lastModified": 1684265364,
        "narHash": "sha256-AxNnWbthsuNx73HDQr0eBxrcE3+yfl/WsaXZqUFmkpQ=",
        "owner": "hyprwm",
        "repo": "hyprland-protocols",
        "rev": "8c279b9fb0f2b031427dc5ef4eab53f2ed835530",
        "type": "github"
      },
      "original": {
        "owner": "hyprwm",
        "repo": "hyprland-protocols",
        "type": "github"
      }
    },
    "nixgl": {
      "inputs": {
        "flake-utils": "flake-utils",
        "nixpkgs": [
          "nixpkgs"
        ]
      },
      "locked": {
        "lastModified": 1685908677,
        "narHash": "sha256-E4zUPEUFyVWjVm45zICaHRpfGepfkE9Z2OECV9HXfA4=",
        "owner": "guibou",
        "repo": "nixGL",
        "rev": "489d6b095ab9d289fe11af0219a9ff00fe87c7c5",
        "type": "github"
      },
      "original": {
        "owner": "guibou",
        "repo": "nixGL",
        "type": "github"
      }
    },
    "nixos-hardware": {
      "locked": {
        "lastModified": 1689320556,
        "narHash": "sha256-vODUkZLWFVCvo1KPK3dC2CbXjxa9antEn5ozwlcTr48=",
        "owner": "NixOS",
        "repo": "nixos-hardware",
        "rev": "d4ea64f2063820120c05f6ba93ee02e6d4671d6b",
        "type": "github"
      },
      "original": {
        "owner": "NixOS",
        "ref": "master",
        "repo": "nixos-hardware",
        "type": "github"
      }
    },
    "nixpkgs": {
      "locked": {
        "lastModified": 1689679375,
        "narHash": "sha256-LHUC52WvyVDi9PwyL1QCpaxYWBqp4ir4iL6zgOkmcb8=",
        "owner": "nixos",
        "repo": "nixpkgs",
        "rev": "684c17c429c42515bafb3ad775d2a710947f3d67",
        "type": "github"
      },
      "original": {
        "owner": "nixos",
        "ref": "nixos-unstable",
        "repo": "nixpkgs",
        "type": "github"
      }
    },
    "root": {
      "inputs": {
        "astro-nvim": "astro-nvim",
        "home-manager": "home-manager",
        "hyprland": "hyprland",
        "nixgl": "nixgl",
        "nixos-hardware": "nixos-hardware",
        "nixpkgs": "nixpkgs"
      }
    },
    "wlroots": {
      "flake": false,
      "locked": {
        "host": "gitlab.freedesktop.org",
        "lastModified": 1689611045,
        "narHash": "sha256-3RTOlQabkNetQ4O4UzSf57JPco9VGVHhSU1ls5uKBeE=",
        "owner": "wlroots",
        "repo": "wlroots",
        "rev": "7791ffe0584c4ac13c170e1661ce33bdbd4a9b9e",
        "type": "gitlab"
      },
      "original": {
        "host": "gitlab.freedesktop.org",
        "owner": "wlroots",
        "repo": "wlroots",
        "rev": "7791ffe0584c4ac13c170e1661ce33bdbd4a9b9e",
        "type": "gitlab"
      }
    },
    "xdph": {
      "inputs": {
        "hyprland-protocols": [
          "hyprland",
          "hyprland-protocols"
        ],
        "nixpkgs": [
          "hyprland",
          "nixpkgs"
        ]
      },
      "locked": {
        "lastModified": 1685385764,
        "narHash": "sha256-r+XMyOoRXq+hlfjayb+fyi9kq2JK48TrwuNIAXqlj7U=",
        "owner": "hyprwm",
        "repo": "xdg-desktop-portal-hyprland",
        "rev": "4d9ff0c17716936e0b5ca577a39e263633901ed1",
        "type": "github"
      },
      "original": {
        "owner": "hyprwm",
        "repo": "xdg-desktop-portal-hyprland",
        "type": "github"
      }
    }
  },
  "root": "root",
  "version": 7
}
